version: 6
environments:
  default:
    channels:
    - url: https://prefix.dev/conda-forge/
    packages:
      linux-64:
      - conda: https://prefix.dev/conda-forge/linux-64/_libgcc_mutex-0.1-conda_forge.tar.bz2
      - conda: https://prefix.dev/conda-forge/linux-64/_openmp_mutex-4.5-2_gnu.tar.bz2
      - conda: https://prefix.dev/conda-forge/linux-64/libgcc-15.1.0-h767d61c_5.conda
      - conda: https://prefix.dev/conda-forge/linux-64/libgfortran-15.1.0-h69a702a_5.conda
      - conda: https://prefix.dev/conda-forge/linux-64/libgfortran5-15.1.0-hcea5267_5.conda
      - conda: https://prefix.dev/conda-forge/linux-64/libgomp-15.1.0-h767d61c_5.conda
      - conda: .
        build: hb0f4dca_0
      osx-64:
      - conda: https://prefix.dev/conda-forge/osx-64/libgfortran-15.1.0-h5f6db21_1.conda
      - conda: https://prefix.dev/conda-forge/osx-64/libgfortran5-15.1.0-hfa3c126_1.conda
      - conda: https://prefix.dev/conda-forge/osx-64/llvm-openmp-21.1.0-hf4e0ed4_0.conda
      - conda: .
        build: h0dc7051_0
      osx-arm64:
      - conda: https://prefix.dev/conda-forge/osx-arm64/libgfortran-15.1.0-hfdf1602_1.conda
      - conda: https://prefix.dev/conda-forge/osx-arm64/libgfortran5-15.1.0-hb74de2c_1.conda
      - conda: https://prefix.dev/conda-forge/osx-arm64/llvm-openmp-21.1.0-hbb9b287_0.conda
      - conda: .
        build: h60d57d3_0
      win-64:
      - conda: https://prefix.dev/conda-forge/win-64/_openmp_mutex-4.5-2_gnu.conda
      - conda: https://prefix.dev/conda-forge/win-64/libgcc-15.1.0-h1383e82_5.conda
      - conda: https://prefix.dev/conda-forge/win-64/libgfortran-15.1.0-h719f0c7_5.conda
      - conda: https://prefix.dev/conda-forge/win-64/libgfortran5-15.1.0-h997fb6f_5.conda
      - conda: https://prefix.dev/conda-forge/win-64/libgomp-15.1.0-h1383e82_5.conda
      - conda: https://prefix.dev/conda-forge/win-64/libwinpthread-12.0.0.r4.gg4f2fc60ca-h57928b3_9.conda
      - conda: https://prefix.dev/conda-forge/win-64/ucrt-10.0.26100.0-h57928b3_0.conda
      - conda: .
        build: h9490d1a_0
packages:
- conda: https://prefix.dev/conda-forge/linux-64/_libgcc_mutex-0.1-conda_forge.tar.bz2
  sha256: fe51de6107f9edc7aa4f786a70f4a883943bc9d39b3bb7307c04c41410990726
  md5: d7c89558ba9fa0495403155b64376d81
  license: None
  size: 2562
  timestamp: 1578324546067
- conda: https://prefix.dev/conda-forge/linux-64/_openmp_mutex-4.5-2_gnu.tar.bz2
  build_number: 16
  sha256: fbe2c5e56a653bebb982eda4876a9178aedfc2b545f25d0ce9c4c0b508253d22
  md5: 73aaf86a425cc6e73fcf236a5a46396d
  depends:
  - _libgcc_mutex 0.1 conda_forge
  - libgomp >=7.5.0
  constrains:
  - openmp_impl 9999
  license: BSD-3-Clause
  license_family: BSD
  size: 23621
  timestamp: 1650670423406
- conda: https://prefix.dev/conda-forge/win-64/_openmp_mutex-4.5-2_gnu.conda
  build_number: 8
  sha256: 1a62cd1f215fe0902e7004089693a78347a30ad687781dfda2289cab000e652d
  md5: 37e16618af5c4851a3f3d66dd0e11141
  depends:
  - libgomp >=7.5.0
  - libwinpthread >=12.0.0.r2.ggc561118da
  constrains:
  - openmp_impl 9999
  - msys2-conda-epoch <0.0a0
  license: BSD-3-Clause
  license_family: BSD
  size: 49468
  timestamp: 1718213032772
- conda: https://prefix.dev/conda-forge/linux-64/libgcc-15.1.0-h767d61c_5.conda
  sha256: 0caed73aac3966bfbf5710e06c728a24c6c138605121a3dacb2e03440e8baa6a
  md5: 264fbfba7fb20acf3b29cde153e345ce
  depends:
  - __glibc >=2.17,<3.0.a0
  - _openmp_mutex >=4.5
  constrains:
  - libgomp 15.1.0 h767d61c_5
  - libgcc-ng ==15.1.0=*_5
  license: GPL-3.0-only WITH GCC-exception-3.1
  license_family: GPL
  size: 824191
  timestamp: 1757042543820
- conda: https://prefix.dev/conda-forge/win-64/libgcc-15.1.0-h1383e82_5.conda
  sha256: 9b997baa85ba495c04e1b30f097b80420c02dcaca6441c4bf2c6bb4b2c5d2114
  md5: c84381a01ede0e28d632fdbeea2debb2
  depends:
  - _openmp_mutex >=4.5
  - libwinpthread >=12.0.0.r4.gg4f2fc60ca
  constrains:
  - libgomp 15.1.0 h1383e82_5
  - msys2-conda-epoch <0.0a0
  - libgcc-ng ==15.1.0=*_5
  license: GPL-3.0-only WITH GCC-exception-3.1
  license_family: GPL
  size: 668284
  timestamp: 1757042801517
- conda: https://prefix.dev/conda-forge/linux-64/libgfortran-15.1.0-h69a702a_5.conda
  sha256: 4c1a526198d0d62441549fdfd668cc8e18e77609da1e545bdcc771dd8dc6a990
  md5: 0c91408b3dec0b97e8a3c694845bd63b
  depends:
  - libgfortran5 15.1.0 hcea5267_5
  constrains:
  - libgfortran-ng ==15.1.0=*_5
  license: GPL-3.0-only WITH GCC-exception-3.1
  license_family: GPL
  size: 29169
  timestamp: 1757042575979
- conda: https://prefix.dev/conda-forge/osx-64/libgfortran-15.1.0-h5f6db21_1.conda
  sha256: 844500c9372d455f6ae538ffd3cdd7fda5f53d25a2a6b3ba33060a302c37bc3e
  md5: 07cfad6b37da6e79349c6e3a0316a83b
  depends:
  - libgfortran5 15.1.0 hfa3c126_1
  license: GPL-3.0-only WITH GCC-exception-3.1
  license_family: GPL
  size: 133973
  timestamp: 1756239628906
- conda: https://prefix.dev/conda-forge/osx-arm64/libgfortran-15.1.0-hfdf1602_1.conda
  sha256: 981e3fac416e80b007a2798d6c1d4357ebebeb72a039aca1fb3a7effe9dcae86
  md5: c98207b6e2b1a309abab696d229f163e
  depends:
  - libgfortran5 15.1.0 hb74de2c_1
  license: GPL-3.0-only WITH GCC-exception-3.1
  license_family: GPL
  size: 134383
  timestamp: 1756239485494
- conda: https://prefix.dev/conda-forge/win-64/libgfortran-15.1.0-h719f0c7_5.conda
  sha256: 4bf23d705d177c87788177f7984baf940c169bef506ea7610b2ef8e9bf6b8f89
  md5: ebeca43621e45b7fa9fe3a0e5aa575a4
  depends:
  - libgfortran5 15.1.0 h997fb6f_5
  constrains:
  - libgfortran-ng ==15.1.0=*_5
  license: GPL-3.0-only WITH GCC-exception-3.1
  license_family: GPL
  size: 52657
  timestamp: 1757043002214
- conda: https://prefix.dev/conda-forge/linux-64/libgfortran5-15.1.0-hcea5267_5.conda
  sha256: 9d06adc6d8e8187ddc1cad87525c690bc8202d8cb06c13b76ab2fc80a35ed565
  md5: fbd4008644add05032b6764807ee2cba
  depends:
  - __glibc >=2.17,<3.0.a0
  - libgcc >=15.1.0
  constrains:
  - libgfortran 15.1.0
  license: GPL-3.0-only WITH GCC-exception-3.1
  license_family: GPL
  size: 1564589
  timestamp: 1757042559498
- conda: https://prefix.dev/conda-forge/osx-64/libgfortran5-15.1.0-hfa3c126_1.conda
  sha256: c4bb79d9e9be3e3a335282b50d18a7965e2a972b95508ea47e4086f1fd699342
  md5: 696e408f36a5a25afdb23e862053ca82
  depends:
  - llvm-openmp >=8.0.0
  constrains:
  - libgfortran 15.1.0
  license: GPL-3.0-only WITH GCC-exception-3.1
  license_family: GPL
  size: 1225193
  timestamp: 1756238834726
- conda: https://prefix.dev/conda-forge/osx-arm64/libgfortran5-15.1.0-hb74de2c_1.conda
  sha256: 1f8f5b2fdd0d2559d0f3bade8da8f57e9ee9b54685bd6081c6d6d9a2b0239b41
  md5: 4281bd1c654cb4f5cab6392b3330451f
  depends:
  - llvm-openmp >=8.0.0
  constrains:
  - libgfortran 15.1.0
  license: GPL-3.0-only WITH GCC-exception-3.1
  license_family: GPL
  size: 759679
  timestamp: 1756238772083
- conda: https://prefix.dev/conda-forge/win-64/libgfortran5-15.1.0-h997fb6f_5.conda
  sha256: 4b75c53ad78717bd4eb2953ef967a78999b93162a154f2f29b4cd1582b2110be
  md5: fe0690d77a75b53661b9c735bdab1f38
  depends:
  - libgcc >=15.1.0
  - libwinpthread >=12.0.0.r4.gg4f2fc60ca
  constrains:
  - libgfortran 15.1.0
  license: GPL-3.0-only WITH GCC-exception-3.1
  license_family: GPL
  size: 1867488
  timestamp: 1757042811533
- conda: https://prefix.dev/conda-forge/linux-64/libgomp-15.1.0-h767d61c_5.conda
  sha256: 125051d51a8c04694d0830f6343af78b556dd88cc249dfec5a97703ebfb1832d
  md5: dcd5ff1940cd38f6df777cac86819d60
  depends:
  - __glibc >=2.17,<3.0.a0
  license: GPL-3.0-only WITH GCC-exception-3.1
  license_family: GPL
  size: 447215
  timestamp: 1757042483384
- conda: https://prefix.dev/conda-forge/win-64/libgomp-15.1.0-h1383e82_5.conda
  sha256: 65fd558d8f3296e364b8ae694932a64642fdd26d8eb4cf7adf08941e449be926
  md5: eae9a32a85152da8e6928a703a514d35
  depends:
  - libwinpthread >=12.0.0.r4.gg4f2fc60ca
  constrains:
  - msys2-conda-epoch <0.0a0
  license: GPL-3.0-only WITH GCC-exception-3.1
  license_family: GPL
  size: 535560
  timestamp: 1757042749206
- conda: https://prefix.dev/conda-forge/win-64/libwinpthread-12.0.0.r4.gg4f2fc60ca-h57928b3_9.conda
  sha256: 373f2973b8a358528b22be5e8d84322c165b4c5577d24d94fd67ad1bb0a0f261
  md5: 08bfa5da6e242025304b206d152479ef
  depends:
  - ucrt
  constrains:
  - pthreads-win32 <0.0a0
  - msys2-conda-epoch <0.0a0
  license: MIT AND BSD-3-Clause-Clear
  size: 35794
  timestamp: 1737099561703
- conda: https://prefix.dev/conda-forge/osx-64/llvm-openmp-21.1.0-hf4e0ed4_0.conda
  sha256: 78336131a08990390003ef05d14ecb49f3a47e4dac60b1bcebeccd87fa402925
  md5: 5acc6c266fd33166fa3b33e48665ae0d
  depends:
  - __osx >=10.13
  constrains:
  - openmp 21.1.0|21.1.0.*
  - intel-openmp <0.0a0
  license: Apache-2.0 WITH LLVM-exception
  license_family: APACHE
  size: 311174
  timestamp: 1756673275570
- conda: https://prefix.dev/conda-forge/osx-arm64/llvm-openmp-21.1.0-hbb9b287_0.conda
  sha256: c6750073a128376a14bedacfa90caab4c17025c9687fcf6f96e863b28d543af4
  md5: e57d95fec6eaa747e583323cba6cfe5c
  depends:
  - __osx >=11.0
  constrains:
  - intel-openmp <0.0a0
  - openmp 21.1.0|21.1.0.*
  license: Apache-2.0 WITH LLVM-exception
  license_family: APACHE
  size: 286039
  timestamp: 1756673290280
- conda: .
  name: thermp
  version: 0.1.0
  build: h0dc7051_0
  subdir: osx-64
  depends:
  - libgfortran
  - libgfortran5 >=15.1.0
  input:
    hash: 283007dddd34954cce23a8d5d6a8c60f40d38ed26f27c147dfcdb7210fff6662
    globs:
    - recipe.yaml
- conda: .
  name: thermp
  version: 0.1.0
  build: h60d57d3_0
  subdir: osx-arm64
  depends:
  - libgfortran
  - libgfortran5 >=15.1.0
  input:
    hash: 283007dddd34954cce23a8d5d6a8c60f40d38ed26f27c147dfcdb7210fff6662
    globs:
    - recipe.yaml
- conda: .
  name: thermp
  version: 0.1.0
  build: h9490d1a_0
  subdir: win-64
  depends:
  - libgfortran5 >=15.1.0
  - libgfortran
  - libgcc >=15
  - ucrt >=10.0.20348.0
  input:
    hash: 283007dddd34954cce23a8d5d6a8c60f40d38ed26f27c147dfcdb7210fff6662
    globs:
    - recipe.yaml
- conda: .
  name: thermp
  version: 0.1.0
  build: hb0f4dca_0
  subdir: linux-64
  depends:
  - libgfortran5 >=15.1.0
  - libgfortran
  - libgcc >=15
  input:
    hash: 283007dddd34954cce23a8d5d6a8c60f40d38ed26f27c147dfcdb7210fff6662
    globs:
    - recipe.yaml
- conda: https://prefix.dev/conda-forge/win-64/ucrt-10.0.26100.0-h57928b3_0.conda
  sha256: 3005729dce6f3d3f5ec91dfc49fc75a0095f9cd23bab49efb899657297ac91a5
  md5: 71b24316859acd00bdb8b38f5e2ce328
  constrains:
  - vc14_runtime >=14.29.30037
  - vs2015_runtime >=14.29.30037
  license: LicenseRef-MicrosoftWindowsSDK10
  size: 694692
  timestamp: 1756385147981
